
Microsoft Visual Studio Solution File, Format Version 12.00
# Visual Studio Version 16
VisualStudioVersion = 16.0.29728.190
MinimumVisualStudioVersion = 10.0.40219.1
Project("{FAE04EC0-301F-11D3-BF4B-00C04F79EFBC}") = "W3D2", "W3D2\W3D2.csproj", "{B8A5464A-0E60-44D0-98F3-351C95C20E57}"
EndProject
Project("{FAE04EC0-301F-11D3-BF4B-00C04F79EFBC}") = "Objects", "Objects\Objects.csproj", "{45588A6B-0F32-4440-B139-C56CD332E2F1}"
EndProject
Project("{FAE04EC0-301F-11D3-BF4B-00C04F79EFBC}") = "UnitTests", "UnitTests\UnitTests.csproj", "{6F3A7518-49FB-47C7-856D-E3C98A2959E5}"
EndProject
Global
	GlobalSection(SolutionConfigurationPlatforms) = preSolution
		Debug|Any CPU = Debug|Any CPU
		Release|Any CPU = Release|Any CPU
	EndGlobalSection
	GlobalSection(ProjectConfigurationPlatforms) = postSolution
		{B8A5464A-0E60-44D0-98F3-351C95C20E57}.Debug|Any CPU.ActiveCfg = Debug|Any CPU
		{B8A5464A-0E60-44D0-98F3-351C95C20E57}.Debug|Any CPU.Build.0 = Debug|Any CPU
		{B8A5464A-0E60-44D0-98F3-351C95C20E57}.Release|Any CPU.ActiveCfg = Release|Any CPU
		{B8A5464A-0E60-44D0-98F3-351C95C20E57}.Release|Any CPU.Build.0 = Release|Any CPU
		{45588A6B-0F32-4440-B139-C56CD332E2F1}.Debug|Any CPU.ActiveCfg = Debug|Any CPU
		{45588A6B-0F32-4440-B139-C56CD332E2F1}.Debug|Any CPU.Build.0 = Debug|Any CPU
		{45588A6B-0F32-4440-B139-C56CD332E2F1}.Release|Any CPU.ActiveCfg = Release|Any CPU
		{45588A6B-0F32-4440-B139-C56CD332E2F1}.Release|Any CPU.Build.0 = Release|Any CPU
		{6F3A7518-49FB-47C7-856D-E3C98A2959E5}.Debug|Any CPU.ActiveCfg = Debug|Any CPU
		{6F3A7518-49FB-47C7-856D-E3C98A2959E5}.Debug|Any CPU.Build.0 = Debug|Any CPU
		{6F3A7518-49FB-47C7-856D-E3C98A2959E5}.Release|Any CPU.ActiveCfg = Release|Any CPU
		{6F3A7518-49FB-47C7-856D-E3C98A2959E5}.Release|Any CPU.Build.0 = Release|Any CPU
	EndGlobalSection
	GlobalSection(SolutionProperties) = preSolution
		HideSolutionNode = FALSE
	EndGlobalSection
	GlobalSection(ExtensibilityGlobals) = postSolution
		SolutionGuid = {7A1AE884-6E62-4164-961D-AC299A137253}
	EndGlobalSection
EndGlobal
